
Microsoft Visual Studio Solution File, Format Version 12.00
# Visual Studio Version 16
VisualStudioVersion = 16.0.31424.327
MinimumVisualStudioVersion = 10.0.40219.1
Project("{9A19103F-16F7-4668-BE54-9A1E7A4F7556}") = "Store", "Store.csproj", "{6F8FB272-FED6-4761-92EB-1D8226C1F922}"
EndProject
Project("{9A19103F-16F7-4668-BE54-9A1E7A4F7556}") = "Core", "..\Santel\Core\Core.csproj", "{0A4D68DA-4CB1-4D09-9958-71EADC063210}"
EndProject
Global
	GlobalSection(SolutionConfigurationPlatforms) = preSolution
		Debug|Any CPU = Debug|Any CPU
		Release|Any CPU = Release|Any CPU
	EndGlobalSection
	GlobalSection(ProjectConfigurationPlatforms) = postSolution
		{6F8FB272-FED6-4761-92EB-1D8226C1F922}.Debug|Any CPU.ActiveCfg = Debug|Any CPU
		{6F8FB272-FED6-4761-92EB-1D8226C1F922}.Debug|Any CPU.Build.0 = Debug|Any CPU
		{6F8FB272-FED6-4761-92EB-1D8226C1F922}.Release|Any CPU.ActiveCfg = Release|Any CPU
		{6F8FB272-FED6-4761-92EB-1D8226C1F922}.Release|Any CPU.Build.0 = Release|Any CPU
		{0A4D68DA-4CB1-4D09-9958-71EADC063210}.Debug|Any CPU.ActiveCfg = Debug|Any CPU
		{0A4D68DA-4CB1-4D09-9958-71EADC063210}.Debug|Any CPU.Build.0 = Debug|Any CPU
		{0A4D68DA-4CB1-4D09-9958-71EADC063210}.Release|Any CPU.ActiveCfg = Release|Any CPU
		{0A4D68DA-4CB1-4D09-9958-71EADC063210}.Release|Any CPU.Build.0 = Release|Any CPU
	EndGlobalSection
	GlobalSection(SolutionProperties) = preSolution
		HideSolutionNode = FALSE
	EndGlobalSection
	GlobalSection(ExtensibilityGlobals) = postSolution
		SolutionGuid = {333B25E5-DA01-48EB-8235-9B0C587324BF}
	EndGlobalSection
EndGlobal
